
Microsoft Visual Studio Solution File, Format Version 12.00
# Visual Studio Version 17
VisualStudioVersion = 17.2.32526.322
MinimumVisualStudioVersion = 10.0.40219.1
Project("{FAE04EC0-301F-11D3-BF4B-00C04F79EFBC}") = "shapes", "shapes\shapes.csproj", "{D2D4E4BA-5F08-4900-BCD3-ACE18788D94B}"
EndProject
Global
	GlobalSection(SolutionConfigurationPlatforms) = preSolution
		Debug|Any CPU = Debug|Any CPU
		Release|Any CPU = Release|Any CPU
	EndGlobalSection
	GlobalSection(ProjectConfigurationPlatforms) = postSolution
		{D2D4E4BA-5F08-4900-BCD3-ACE18788D94B}.Debug|Any CPU.ActiveCfg = Debug|Any CPU
		{D2D4E4BA-5F08-4900-BCD3-ACE18788D94B}.Debug|Any CPU.Build.0 = Debug|Any CPU
		{D2D4E4BA-5F08-4900-BCD3-ACE18788D94B}.Release|Any CPU.ActiveCfg = Release|Any CPU
		{D2D4E4BA-5F08-4900-BCD3-ACE18788D94B}.Release|Any CPU.Build.0 = Release|Any CPU
	EndGlobalSection
	GlobalSection(SolutionProperties) = preSolution
		HideSolutionNode = FALSE
	EndGlobalSection
	GlobalSection(ExtensibilityGlobals) = postSolution
		SolutionGuid = {8B81FC11-AD07-4C5C-9DB4-56733BB26835}
	EndGlobalSection
EndGlobal
